// !$*UTF8*$!
{
	archiveVersion = 1;
	classes = {
	};
	objectVersion = 77;
	objects = {

/* Begin PBXBuildFile section */
		B381570B2D76850A00FF0E1A /* KeychainAccess in Frameworks */ = {isa = PBXBuildFile; productRef = B381570A2D76850A00FF0E1A /* KeychainAccess */; };
		B381570E2D76852500FF0E1A /* RealmSwift in Frameworks */ = {isa = PBXBuildFile; productRef = B381570D2D76852500FF0E1A /* RealmSwift */; };
/* End PBXBuildFile section */

/* Begin PBXContainerItemProxy section */
		B3EDE5A62D73779000D3E0C6 /* PBXContainerItemProxy */ = {
			isa = PBXContainerItemProxy;
			containerPortal = B3EDE58D2D73778E00D3E0C6 /* Project object */;
			proxyType = 1;
			remoteGlobalIDString = B3EDE5942D73778E00D3E0C6;
			remoteInfo = iOSChallenge;
		};
		B3EDE5B02D73779000D3E0C6 /* PBXContainerItemProxy */ = {
			isa = PBXContainerItemProxy;
			containerPortal = B3EDE58D2D73778E00D3E0C6 /* Project object */;
			proxyType = 1;
			remoteGlobalIDString = B3EDE5942D73778E00D3E0C6;
			remoteInfo = iOSChallenge;
		};
/* End PBXContainerItemProxy section */

/* Begin PBXFileReference section */
		B3EDE5952D73778E00D3E0C6 /* iOSChallenge.app */ = {isa = PBXFileReference; explicitFileType = wrapper.application; includeInIndex = 0; path = iOSChallenge.app; sourceTree = BUILT_PRODUCTS_DIR; };
		B3EDE5A52D73779000D3E0C6 /* iOSChallengeTests.xctest */ = {isa = PBXFileReference; explicitFileType = wrapper.cfbundle; includeInIndex = 0; path = iOSChallengeTests.xctest; sourceTree = BUILT_PRODUCTS_DIR; };
		B3EDE5AF2D73779000D3E0C6 /* iOSChallengeUITests.xctest */ = {isa = PBXFileReference; explicitFileType = wrapper.cfbundle; includeInIndex = 0; path = iOSChallengeUITests.xctest; sourceTree = BUILT_PRODUCTS_DIR; };
/* End PBXFileReference section */

/* Begin PBXFileSystemSynchronizedBuildFileExceptionSet section */
		B3EDE6592D737E4F00D3E0C6 /* Exceptions for "iOSChallenge" folder in "iOSChallenge" target */ = {
			isa = PBXFileSystemSynchronizedBuildFileExceptionSet;
			membershipExceptions = (
				Info.plist,
			);
			target = B3EDE5942D73778E00D3E0C6 /* iOSChallenge */;
		};
/* End PBXFileSystemSynchronizedBuildFileExceptionSet section */

/* Begin PBXFileSystemSynchronizedRootGroup section */
		B3EDE5972D73778E00D3E0C6 /* iOSChallenge */ = {
			isa = PBXFileSystemSynchronizedRootGroup;
			exceptions = (
				B3EDE6592D737E4F00D3E0C6 /* Exceptions for "iOSChallenge" folder in "iOSChallenge" target */,
			);
			path = iOSChallenge;
			sourceTree = "<group>";
		};
		B3EDE5A82D73779000D3E0C6 /* iOSChallengeTests */ = {
			isa = PBXFileSystemSynchronizedRootGroup;
			path = iOSChallengeTests;
			sourceTree = "<group>";
		};
		B3EDE5B22D73779000D3E0C6 /* iOSChallengeUITests */ = {
			isa = PBXFileSystemSynchronizedRootGroup;
			path = iOSChallengeUITests;
			sourceTree = "<group>";
		};
/* End PBXFileSystemSynchronizedRootGroup section */

/* Begin PBXFrameworksBuildPhase section */
		B3EDE5922D73778E00D3E0C6 /* Frameworks */ = {
			isa = PBXFrameworksBuildPhase;
			buildActionMask = 2147483647;
			files = (
				B381570E2D76852500FF0E1A /* RealmSwift in Frameworks */,
				B381570B2D76850A00FF0E1A /* KeychainAccess in Frameworks */,
			);
			runOnlyForDeploymentPostprocessing = 0;
		};
		B3EDE5A22D73779000D3E0C6 /* Frameworks */ = {
			isa = PBXFrameworksBuildPhase;
			buildActionMask = 2147483647;
			files = (
			);
			runOnlyForDeploymentPostprocessing = 0;
		};
		B3EDE5AC2D73779000D3E0C6 /* Frameworks */ = {
			isa = PBXFrameworksBuildPhase;
			buildActionMask = 2147483647;
			files = (
			);
			runOnlyForDeploymentPostprocessing = 0;
		};
/* End PBXFrameworksBuildPhase section */

/* Begin PBXGroup section */
		B3EDE58C2D73778E00D3E0C6 = {
			isa = PBXGroup;
			children = (
				B3EDE5972D73778E00D3E0C6 /* iOSChallenge */,
				B3EDE5A82D73779000D3E0C6 /* iOSChallengeTests */,
				B3EDE5B22D73779000D3E0C6 /* iOSChallengeUITests */,
				B3EDE5962D73778E00D3E0C6 /* Products */,
			);
			sourceTree = "<group>";
		};
		B3EDE5962D73778E00D3E0C6 /* Products */ = {
			isa = PBXGroup;
			children = (
				B3EDE5952D73778E00D3E0C6 /* iOSChallenge.app */,
				B3EDE5A52D73779000D3E0C6 /* iOSChallengeTests.xctest */,
				B3EDE5AF2D73779000D3E0C6 /* iOSChallengeUITests.xctest */,
			);
			name = Products;
			sourceTree = "<group>";
		};
/* End PBXGroup section */

/* Begin PBXNativeTarget section */
		B3EDE5942D73778E00D3E0C6 /* iOSChallenge */ = {
			isa = PBXNativeTarget;
			buildConfigurationList = B3EDE5B92D73779000D3E0C6 /* Build configuration list for PBXNativeTarget "iOSChallenge" */;
			buildPhases = (
				B3EDE5912D73778E00D3E0C6 /* Sources */,
				B3EDE5922D73778E00D3E0C6 /* Frameworks */,
				B3EDE5932D73778E00D3E0C6 /* Resources */,
			);
			buildRules = (
			);
			dependencies = (
			);
			fileSystemSynchronizedGroups = (
				B3EDE5972D73778E00D3E0C6 /* iOSChallenge */,
			);
			name = iOSChallenge;
			packageProductDependencies = (
				B381570A2D76850A00FF0E1A /* KeychainAccess */,
				B381570D2D76852500FF0E1A /* RealmSwift */,
			);
			productName = iOSChallenge;
			productReference = B3EDE5952D73778E00D3E0C6 /* iOSChallenge.app */;
			productType = "com.apple.product-type.application";
		};
		B3EDE5A42D73779000D3E0C6 /* iOSChallengeTests */ = {
			isa = PBXNativeTarget;
			buildConfigurationList = B3EDE5BC2D73779000D3E0C6 /* Build configuration list for PBXNativeTarget "iOSChallengeTests" */;
			buildPhases = (
				B3EDE5A12D73779000D3E0C6 /* Sources */,
				B3EDE5A22D73779000D3E0C6 /* Frameworks */,
				B3EDE5A32D73779000D3E0C6 /* Resources */,
			);
			buildRules = (
			);
			dependencies = (
				B3EDE5A72D73779000D3E0C6 /* PBXTargetDependency */,
			);
			fileSystemSynchronizedGroups = (
				B3EDE5A82D73779000D3E0C6 /* iOSChallengeTests */,
			);
			name = iOSChallengeTests;
			packageProductDependencies = (
			);
			productName = iOSChallengeTests;
			productReference = B3EDE5A52D73779000D3E0C6 /* iOSChallengeTests.xctest */;
			productType = "com.apple.product-type.bundle.unit-test";
		};
		B3EDE5AE2D73779000D3E0C6 /* iOSChallengeUITests */ = {
			isa = PBXNativeTarget;
			buildConfigurationList = B3EDE5BF2D73779000D3E0C6 /* Build configuration list for PBXNativeTarget "iOSChallengeUITests" */;
			buildPhases = (
				B3EDE5AB2D73779000D3E0C6 /* Sources */,
				B3EDE5AC2D73779000D3E0C6 /* Frameworks */,
				B3EDE5AD2D73779000D3E0C6 /* Resources */,
			);
			buildRules = (
			);
			dependencies = (
				B3EDE5B12D73779000D3E0C6 /* PBXTargetDependency */,
			);
			fileSystemSynchronizedGroups = (
				B3EDE5B22D73779000D3E0C6 /* iOSChallengeUITests */,
			);
			name = iOSChallengeUITests;
			packageProductDependencies = (
			);
			productName = iOSChallengeUITests;
			productReference = B3EDE5AF2D73779000D3E0C6 /* iOSChallengeUITests.xctest */;
			productType = "com.apple.product-type.bundle.ui-testing";
		};
/* End PBXNativeTarget section */

/* Begin PBXProject section */
		B3EDE58D2D73778E00D3E0C6 /* Project object */ = {
			isa = PBXProject;
			attributes = {
				BuildIndependentTargetsInParallel = 1;
				LastSwiftUpdateCheck = 1610;
				LastUpgradeCheck = 1610;
				TargetAttributes = {
					B3EDE5942D73778E00D3E0C6 = {
						CreatedOnToolsVersion = 16.1;
					};
					B3EDE5A42D73779000D3E0C6 = {
						CreatedOnToolsVersion = 16.1;
						TestTargetID = B3EDE5942D73778E00D3E0C6;
					};
					B3EDE5AE2D73779000D3E0C6 = {
						CreatedOnToolsVersion = 16.1;
						TestTargetID = B3EDE5942D73778E00D3E0C6;
					};
				};
			};
			buildConfigurationList = B3EDE5902D73778E00D3E0C6 /* Build configuration list for PBXProject "iOSChallenge" */;
			developmentRegion = en;
			hasScannedForEncodings = 0;
			knownRegions = (
				en,
				Base,
			);
			mainGroup = B3EDE58C2D73778E00D3E0C6;
			minimizedProjectReferenceProxies = 1;
			packageReferences = (
				B38157092D76850A00FF0E1A /* XCRemoteSwiftPackageReference "KeychainAccess" */,
				B381570C2D76852500FF0E1A /* XCRemoteSwiftPackageReference "realm-swift" */,
			);
			preferredProjectObjectVersion = 77;
			productRefGroup = B3EDE5962D73778E00D3E0C6 /* Products */;
			projectDirPath = "";
			projectRoot = "";
			targets = (
				B3EDE5942D73778E00D3E0C6 /* iOSChallenge */,
				B3EDE5A42D73779000D3E0C6 /* iOSChallengeTests */,
				B3EDE5AE2D73779000D3E0C6 /* iOSChallengeUITests */,
			);
		};
/* End PBXProject section */

/* Begin PBXResourcesBuildPhase section */
		B3EDE5932D73778E00D3E0C6 /* Resources */ = {
			isa = PBXResourcesBuildPhase;
			buildActionMask = 2147483647;
			files = (
			);
			runOnlyForDeploymentPostprocessing = 0;
		};
		B3EDE5A32D73779000D3E0C6 /* Resources */ = {
			isa = PBXResourcesBuildPhase;
			buildActionMask = 2147483647;
			files = (
			);
			runOnlyForDeploymentPostprocessing = 0;
		};
		B3EDE5AD2D73779000D3E0C6 /* Resources */ = {
			isa = PBXResourcesBuildPhase;
			buildActionMask = 2147483647;
			files = (
			);
			runOnlyForDeploymentPostprocessing = 0;
		};
/* End PBXResourcesBuildPhase section */

/* Begin PBXSourcesBuildPhase section */
		B3EDE5912D73778E00D3E0C6 /* Sources */ = {
			isa = PBXSourcesBuildPhase;
			buildActionMask = 2147483647;
			files = (
			);
			runOnlyForDeploymentPostprocessing = 0;
		};
		B3EDE5A12D73779000D3E0C6 /* Sources */ = {
			isa = PBXSourcesBuildPhase;
			buildActionMask = 2147483647;
			files = (
			);
			runOnlyForDeploymentPostprocessing = 0;
		};
		B3EDE5AB2D73779000D3E0C6 /* Sources */ = {
			isa = PBXSourcesBuildPhase;
			buildActionMask = 2147483647;
			files = (
			);
			runOnlyForDeploymentPostprocessing = 0;
		};
/* End PBXSourcesBuildPhase section */

/* Begin PBXTargetDependency section */
		B3EDE5A72D73779000D3E0C6 /* PBXTargetDependency */ = {
			isa = PBXTargetDependency;
			target = B3EDE5942D73778E00D3E0C6 /* iOSChallenge */;
			targetProxy = B3EDE5A62D73779000D3E0C6 /* PBXContainerItemProxy */;
		};
		B3EDE5B12D73779000D3E0C6 /* PBXTargetDependency */ = {
			isa = PBXTargetDependency;
			target = B3EDE5942D73778E00D3E0C6 /* iOSChallenge */;
			targetProxy = B3EDE5B02D73779000D3E0C6 /* PBXContainerItemProxy */;
		};
/* End PBXTargetDependency section */

/* Begin XCBuildConfiguration section */
		B3EDE5B72D73779000D3E0C6 /* Debug */ = {
			isa = XCBuildConfiguration;
			buildSettings = {
				ALWAYS_SEARCH_USER_PATHS = NO;
				ASSETCATALOG_COMPILER_GENERATE_SWIFT_ASSET_SYMBOL_EXTENSIONS = YES;
				CLANG_ANALYZER_NONNULL = YES;
				CLANG_ANALYZER_NUMBER_OBJECT_CONVERSION = YES_AGGRESSIVE;
				CLANG_CXX_LANGUAGE_STANDARD = "gnu++20";
				CLANG_ENABLE_MODULES = YES;
				CLANG_ENABLE_OBJC_ARC = YES;
				CLANG_ENABLE_OBJC_WEAK = YES;
				CLANG_WARN_BLOCK_CAPTURE_AUTORELEASING = YES;
				CLANG_WARN_BOOL_CONVERSION = YES;
				CLANG_WARN_COMMA = YES;
				CLANG_WARN_CONSTANT_CONVERSION = YES;
				CLANG_WARN_DEPRECATED_OBJC_IMPLEMENTATIONS = YES;
				CLANG_WARN_DIRECT_OBJC_ISA_USAGE = YES_ERROR;
				CLANG_WARN_DOCUMENTATION_COMMENTS = YES;
				CLANG_WARN_EMPTY_BODY = YES;
				CLANG_WARN_ENUM_CONVERSION = YES;
				CLANG_WARN_INFINITE_RECURSION = YES;
				CLANG_WARN_INT_CONVERSION = YES;
				CLANG_WARN_NON_LITERAL_NULL_CONVERSION = YES;
				CLANG_WARN_OBJC_IMPLICIT_RETAIN_SELF = YES;
				CLANG_WARN_OBJC_LITERAL_CONVERSION = YES;
				CLANG_WARN_OBJC_ROOT_CLASS = YES_ERROR;
				CLANG_WARN_QUOTED_INCLUDE_IN_FRAMEWORK_HEADER = YES;
				CLANG_WARN_RANGE_LOOP_ANALYSIS = YES;
				CLANG_WARN_STRICT_PROTOTYPES = YES;
				CLANG_WARN_SUSPICIOUS_MOVE = YES;
				CLANG_WARN_UNGUARDED_AVAILABILITY = YES_AGGRESSIVE;
				CLANG_WARN_UNREACHABLE_CODE = YES;
				CLANG_WARN__DUPLICATE_METHOD_MATCH = YES;
				COPY_PHASE_STRIP = NO;
				DEBUG_INFORMATION_FORMAT = dwarf;
				ENABLE_STRICT_OBJC_MSGSEND = YES;
				ENABLE_TESTABILITY = YES;
				ENABLE_USER_SCRIPT_SANDBOXING = YES;
				GCC_C_LANGUAGE_STANDARD = gnu17;
				GCC_DYNAMIC_NO_PIC = NO;
				GCC_NO_COMMON_BLOCKS = YES;
				GCC_OPTIMIZATION_LEVEL = 0;
				GCC_PREPROCESSOR_DEFINITIONS = (
					"DEBUG=1",
					"$(inherited)",
				);
				GCC_WARN_64_TO_32_BIT_CONVERSION = YES;
				GCC_WARN_ABOUT_RETURN_TYPE = YES_ERROR;
				GCC_WARN_UNDECLARED_SELECTOR = YES;
				GCC_WARN_UNINITIALIZED_AUTOS = YES_AGGRESSIVE;
				GCC_WARN_UNUSED_FUNCTION = YES;
				GCC_WARN_UNUSED_VARIABLE = YES;
				IPHONEOS_DEPLOYMENT_TARGET = 18.1;
				LOCALIZATION_PREFERS_STRING_CATALOGS = YES;
				MTL_ENABLE_DEBUG_INFO = INCLUDE_SOURCE;
				MTL_FAST_MATH = YES;
				ONLY_ACTIVE_ARCH = YES;
				SDKROOT = iphoneos;
				SWIFT_ACTIVE_COMPILATION_CONDITIONS = "DEBUG $(inherited)";
				SWIFT_OPTIMIZATION_LEVEL = "-Onone";
			};
			name = Debug;
		};
		B3EDE5B82D73779000D3E0C6 /* Release */ = {
			isa = XCBuildConfiguration;
			buildSettings = {
				ALWAYS_SEARCH_USER_PATHS = NO;
				ASSETCATALOG_COMPILER_GENERATE_SWIFT_ASSET_SYMBOL_EXTENSIONS = YES;
				CLANG_ANALYZER_NONNULL = YES;
				CLANG_ANALYZER_NUMBER_OBJECT_CONVERSION = YES_AGGRESSIVE;
				CLANG_CXX_LANGUAGE_STANDARD = "gnu++20";
				CLANG_ENABLE_MODULES = YES;
				CLANG_ENABLE_OBJC_ARC = YES;
				CLANG_ENABLE_OBJC_WEAK = YES;
				CLANG_WARN_BLOCK_CAPTURE_AUTORELEASING = YES;
				CLANG_WARN_BOOL_CONVERSION = YES;
				CLANG_WARN_COMMA = YES;
				CLANG_WARN_CONSTANT_CONVERSION = YES;
				CLANG_WARN_DEPRECATED_OBJC_IMPLEMENTATIONS = YES;
				CLANG_WARN_DIRECT_OBJC_ISA_USAGE = YES_ERROR;
				CLANG_WARN_DOCUMENTATION_COMMENTS = YES;
				CLANG_WARN_EMPTY_BODY = YES;
				CLANG_WARN_ENUM_CONVERSION = YES;
				CLANG_WARN_INFINITE_RECURSION = YES;
				CLANG_WARN_INT_CONVERSION = YES;
				CLANG_WARN_NON_LITERAL_NULL_CONVERSION = YES;
				CLANG_WARN_OBJC_IMPLICIT_RETAIN_SELF = YES;
				CLANG_WARN_OBJC_LITERAL_CONVERSION = YES;
				CLANG_WARN_OBJC_ROOT_CLASS = YES_ERROR;
				CLANG_WARN_QUOTED_INCLUDE_IN_FRAMEWORK_HEADER = YES;
				CLANG_WARN_RANGE_LOOP_ANALYSIS = YES;
				CLANG_WARN_STRICT_PROTOTYPES = YES;
				CLANG_WARN_SUSPICIOUS_MOVE = YES;
				CLANG_WARN_UNGUARDED_AVAILABILITY = YES_AGGRESSIVE;
				CLANG_WARN_UNREACHABLE_CODE = YES;
				CLANG_WARN__DUPLICATE_METHOD_MATCH = YES;
				COPY_PHASE_STRIP = NO;
				DEBUG_INFORMATION_FORMAT = "dwarf-with-dsym";
				ENABLE_NS_ASSERTIONS = NO;
				ENABLE_STRICT_OBJC_MSGSEND = YES;
				ENABLE_USER_SCRIPT_SANDBOXING = YES;
				GCC_C_LANGUAGE_STANDARD = gnu17;
				GCC_NO_COMMON_BLOCKS = YES;
				GCC_WARN_64_TO_32_BIT_CONVERSION = YES;
				GCC_WARN_ABOUT_RETURN_TYPE = YES_ERROR;
				GCC_WARN_UNDECLARED_SELECTOR = YES;
				GCC_WARN_UNINITIALIZED_AUTOS = YES_AGGRESSIVE;
				GCC_WARN_UNUSED_FUNCTION = YES;
				GCC_WARN_UNUSED_VARIABLE = YES;
				IPHONEOS_DEPLOYMENT_TARGET = 18.1;
				LOCALIZATION_PREFERS_STRING_CATALOGS = YES;
				MTL_ENABLE_DEBUG_INFO = NO;
				MTL_FAST_MATH = YES;
				SDKROOT = iphoneos;
				SWIFT_COMPILATION_MODE = wholemodule;
				VALIDATE_PRODUCT = YES;
			};
			name = Release;
		};
		B3EDE5BA2D73779000D3E0C6 /* Debug */ = {
			isa = XCBuildConfiguration;
			buildSettings = {
				ASSETCATALOG_COMPILER_APPICON_NAME = AppIcon;
				ASSETCATALOG_COMPILER_GLOBAL_ACCENT_COLOR_NAME = AccentColor;
				CODE_SIGN_STYLE = Automatic;
				CURRENT_PROJECT_VERSION = 1;
				DEVELOPMENT_ASSET_PATHS = "\"iOSChallenge/Preview Content\"";
				ENABLE_PREVIEWS = YES;
				GENERATE_INFOPLIST_FILE = YES;
				INFOPLIST_FILE = iOSChallenge/Info.plist;
				INFOPLIST_KEY_UIApplicationSceneManifest_Generation = YES;
				INFOPLIST_KEY_UIApplicationSupportsIndirectInputEvents = YES;
				INFOPLIST_KEY_UILaunchScreen_Generation = YES;
				INFOPLIST_KEY_UISupportedInterfaceOrientations_iPad = "UIInterfaceOrientationPortrait UIInterfaceOrientationPortraitUpsideDown UIInterfaceOrientationLandscapeLeft UIInterfaceOrientationLandscapeRight";
				INFOPLIST_KEY_UISupportedInterfaceOrientations_iPhone = "UIInterfaceOrientationPortrait UIInterfaceOrientationLandscapeLeft UIInterfaceOrientationLandscapeRight";
				LD_RUNPATH_SEARCH_PATHS = (
					"$(inherited)",
					"@executable_path/Frameworks",
				);
				MARKETING_VERSION = 1.0;
				PRODUCT_BUNDLE_IDENTIFIER = com.iOSChallenge;
				PRODUCT_NAME = "$(TARGET_NAME)";
				SWIFT_EMIT_LOC_STRINGS = YES;
				SWIFT_VERSION = 5.0;
				TARGETED_DEVICE_FAMILY = "1,2";
			};
			name = Debug;
		};
		B3EDE5BB2D73779000D3E0C6 /* Release */ = {
			isa = XCBuildConfiguration;
			buildSettings = {
				ASSETCATALOG_COMPILER_APPICON_NAME = AppIcon;
				ASSETCATALOG_COMPILER_GLOBAL_ACCENT_COLOR_NAME = AccentColor;
				CODE_SIGN_STYLE = Automatic;
				CURRENT_PROJECT_VERSION = 1;
				DEVELOPMENT_ASSET_PATHS = "\"iOSChallenge/Preview Content\"";
				ENABLE_PREVIEWS = YES;
				GENERATE_INFOPLIST_FILE = YES;
				INFOPLIST_FILE = iOSChallenge/Info.plist;
				INFOPLIST_KEY_UIApplicationSceneManifest_Generation = YES;
				INFOPLIST_KEY_UIApplicationSupportsIndirectInputEvents = YES;
				INFOPLIST_KEY_UILaunchScreen_Generation = YES;
				INFOPLIST_KEY_UISupportedInterfaceOrientations_iPad = "UIInterfaceOrientationPortrait UIInterfaceOrientationPortraitUpsideDown UIInterfaceOrientationLandscapeLeft UIInterfaceOrientationLandscapeRight";
				INFOPLIST_KEY_UISupportedInterfaceOrientations_iPhone = "UIInterfaceOrientationPortrait UIInterfaceOrientationLandscapeLeft UIInterfaceOrientationLandscapeRight";
				LD_RUNPATH_SEARCH_PATHS = (
					"$(inherited)",
					"@executable_path/Frameworks",
				);
				MARKETING_VERSION = 1.0;
				PRODUCT_BUNDLE_IDENTIFIER = com.iOSChallenge;
				PRODUCT_NAME = "$(TARGET_NAME)";
				SWIFT_EMIT_LOC_STRINGS = YES;
				SWIFT_VERSION = 5.0;
				TARGETED_DEVICE_FAMILY = "1,2";
			};
			name = Release;
		};
		B3EDE5BD2D73779000D3E0C6 /* Debug */ = {
			isa = XCBuildConfiguration;
			buildSettings = {
				BUNDLE_LOADER = "$(TEST_HOST)";
				CODE_SIGN_STYLE = Automatic;
				CURRENT_PROJECT_VERSION = 1;
				GENERATE_INFOPLIST_FILE = YES;
				IPHONEOS_DEPLOYMENT_TARGET = 18.1;
				MARKETING_VERSION = 1.0;
				PRODUCT_BUNDLE_IDENTIFIER = com.iOSChallengeTests;
				PRODUCT_NAME = "$(TARGET_NAME)";
				SWIFT_EMIT_LOC_STRINGS = NO;
				SWIFT_VERSION = 5.0;
				TARGETED_DEVICE_FAMILY = "1,2";
				TEST_HOST = "$(BUILT_PRODUCTS_DIR)/iOSChallenge.app/$(BUNDLE_EXECUTABLE_FOLDER_PATH)/iOSChallenge";
			};
			name = Debug;
		};
		B3EDE5BE2D73779000D3E0C6 /* Release */ = {
			isa = XCBuildConfiguration;
			buildSettings = {
				BUNDLE_LOADER = "$(TEST_HOST)";
				CODE_SIGN_STYLE = Automatic;
				CURRENT_PROJECT_VERSION = 1;
				GENERATE_INFOPLIST_FILE = YES;
				IPHONEOS_DEPLOYMENT_TARGET = 18.1;
				MARKETING_VERSION = 1.0;
				PRODUCT_BUNDLE_IDENTIFIER = com.iOSChallengeTests;
				PRODUCT_NAME = "$(TARGET_NAME)";
				SWIFT_EMIT_LOC_STRINGS = NO;
				SWIFT_VERSION = 5.0;
				TARGETED_DEVICE_FAMILY = "1,2";
				TEST_HOST = "$(BUILT_PRODUCTS_DIR)/iOSChallenge.app/$(BUNDLE_EXECUTABLE_FOLDER_PATH)/iOSChallenge";
			};
			name = Release;
		};
		B3EDE5C02D73779000D3E0C6 /* Debug */ = {
			isa = XCBuildConfiguration;
			buildSettings = {
				CODE_SIGN_STYLE = Automatic;
				CURRENT_PROJECT_VERSION = 1;
				GENERATE_INFOPLIST_FILE = YES;
				MARKETING_VERSION = 1.0;
				PRODUCT_BUNDLE_IDENTIFIER = com.iOSChallengeUITests;
				PRODUCT_NAME = "$(TARGET_NAME)";
				SWIFT_EMIT_LOC_STRINGS = NO;
				SWIFT_VERSION = 5.0;
				TARGETED_DEVICE_FAMILY = "1,2";
				TEST_TARGET_NAME = iOSChallenge;
			};
			name = Debug;
		};
		B3EDE5C12D73779000D3E0C6 /* Release */ = {
			isa = XCBuildConfiguration;
			buildSettings = {
				CODE_SIGN_STYLE = Automatic;
				CURRENT_PROJECT_VERSION = 1;
				GENERATE_INFOPLIST_FILE = YES;
				MARKETING_VERSION = 1.0;
				PRODUCT_BUNDLE_IDENTIFIER = com.iOSChallengeUITests;
				PRODUCT_NAME = "$(TARGET_NAME)";
				SWIFT_EMIT_LOC_STRINGS = NO;
				SWIFT_VERSION = 5.0;
				TARGETED_DEVICE_FAMILY = "1,2";
				TEST_TARGET_NAME = iOSChallenge;
			};
			name = Release;
		};
/* End XCBuildConfiguration section */

/* Begin XCConfigurationList section */
		B3EDE5902D73778E00D3E0C6 /* Build configuration list for PBXProject "iOSChallenge" */ = {
			isa = XCConfigurationList;
			buildConfigurations = (
				B3EDE5B72D73779000D3E0C6 /* Debug */,
				B3EDE5B82D73779000D3E0C6 /* Release */,
			);
			defaultConfigurationIsVisible = 0;
			defaultConfigurationName = Release;
		};
		B3EDE5B92D73779000D3E0C6 /* Build configuration list for PBXNativeTarget "iOSChallenge" */ = {
			isa = XCConfigurationList;
			buildConfigurations = (
				B3EDE5BA2D73779000D3E0C6 /* Debug */,
				B3EDE5BB2D73779000D3E0C6 /* Release */,
			);
			defaultConfigurationIsVisible = 0;
			defaultConfigurationName = Release;
		};
		B3EDE5BC2D73779000D3E0C6 /* Build configuration list for PBXNativeTarget "iOSChallengeTests" */ = {
			isa = XCConfigurationList;
			buildConfigurations = (
				B3EDE5BD2D73779000D3E0C6 /* Debug */,
				B3EDE5BE2D73779000D3E0C6 /* Release */,
			);
			defaultConfigurationIsVisible = 0;
			defaultConfigurationName = Release;
		};
		B3EDE5BF2D73779000D3E0C6 /* Build configuration list for PBXNativeTarget "iOSChallengeUITests" */ = {
			isa = XCConfigurationList;
			buildConfigurations = (
				B3EDE5C02D73779000D3E0C6 /* Debug */,
				B3EDE5C12D73779000D3E0C6 /* Release */,
			);
			defaultConfigurationIsVisible = 0;
			defaultConfigurationName = Release;
		};
/* End XCConfigurationList section */

/* Begin XCRemoteSwiftPackageReference section */
		B38157092D76850A00FF0E1A /* XCRemoteSwiftPackageReference "KeychainAccess" */ = {
			isa = XCRemoteSwiftPackageReference;
			repositoryURL = "https://github.com/kishikawakatsumi/KeychainAccess.git";
			requirement = {
				kind = upToNextMajorVersion;
				minimumVersion = 4.2.2;
			};
		};
		B381570C2D76852500FF0E1A /* XCRemoteSwiftPackageReference "realm-swift" */ = {
			isa = XCRemoteSwiftPackageReference;
			repositoryURL = "https://github.com/realm/realm-swift.git";
			requirement = {
				kind = upToNextMajorVersion;
				minimumVersion = 20.0.1;
			};
		};
/* End XCRemoteSwiftPackageReference section */

/* Begin XCSwiftPackageProductDependency section */
		B381570A2D76850A00FF0E1A /* KeychainAccess */ = {
			isa = XCSwiftPackageProductDependency;
			package = B38157092D76850A00FF0E1A /* XCRemoteSwiftPackageReference "KeychainAccess" */;
			productName = KeychainAccess;
		};
		B381570D2D76852500FF0E1A /* RealmSwift */ = {
			isa = XCSwiftPackageProductDependency;
			package = B381570C2D76852500FF0E1A /* XCRemoteSwiftPackageReference "realm-swift" */;
			productName = RealmSwift;
		};
/* End XCSwiftPackageProductDependency section */
	};
	rootObject = B3EDE58D2D73778E00D3E0C6 /* Project object */;
}
